Microsoft Visual Studio Solution File, Format Version 12.00
# Visual Studio Version 17
VisualStudioVersion = 17.5.2.0
MinimumVisualStudioVersion = 10.0.40219.1
Project("{FAE04EC0-301F-11D3-BF4B-00C04F79EFBC}") = "practicaEjercicios", "practicaEjercicios.csproj", "{9273D4C9-0631-96BF-57D2-909993817D2E}"
EndProject
Global
	GlobalSection(SolutionConfigurationPlatforms) = preSolution
		Debug|Any CPU = Debug|Any CPU
		Release|Any CPU = Release|Any CPU
	EndGlobalSection
	GlobalSection(ProjectConfigurationPlatforms) = postSolution
		{9273D4C9-0631-96BF-57D2-909993817D2E}.Debug|Any CPU.ActiveCfg = Debug|Any CPU
		{9273D4C9-0631-96BF-57D2-909993817D2E}.Debug|Any CPU.Build.0 = Debug|Any CPU
		{9273D4C9-0631-96BF-57D2-909993817D2E}.Release|Any CPU.ActiveCfg = Release|Any CPU
		{9273D4C9-0631-96BF-57D2-909993817D2E}.Release|Any CPU.Build.0 = Release|Any CPU
	EndGlobalSection
	GlobalSection(SolutionProperties) = preSolution
		HideSolutionNode = FALSE
	EndGlobalSection
	GlobalSection(ExtensibilityGlobals) = postSolution
		SolutionGuid = {E2BE50AD-0668-47C7-BA9E-06E0344706BD}
	EndGlobalSection
EndGlobal
